
Microsoft Visual Studio Solution File, Format Version 12.00
# Visual Studio 15
VisualStudioVersion = 15.0.27703.2047
MinimumVisualStudioVersion = 10.0.40219.1
Project("{9A19103F-16F7-4668-BE54-9A1E7A4F7556}") = "PrototypeContexProvider", "PrototypeContexProvider\PrototypeContexProvider.csproj", "{36BE8635-7E05-4E9B-BA76-30C45DC6831B}"
EndProject
Project("{9A19103F-16F7-4668-BE54-9A1E7A4F7556}") = "TestApp", "TestApp\TestApp.csproj", "{4BCE5C9A-C67B-4B5E-AEFC-73B300562871}"
EndProject
Project("{9A19103F-16F7-4668-BE54-9A1E7A4F7556}") = "UnitTest", "UnitTest\UnitTest.csproj", "{D211841B-1F06-4F35-A919-99B7F927DBFC}"
EndProject
Project("{FAE04EC0-301F-11D3-BF4B-00C04F79EFBC}") = "ExampleResouce", "WebServer\ExampleResouce.csproj", "{1957762C-4FE6-4131-9113-55C28AB129F3}"
EndProject
Project("{FAE04EC0-301F-11D3-BF4B-00C04F79EFBC}") = "RestServer", "RestServer\RestServer.csproj", "{263A8436-FA01-44ED-ADCD-F339D65DE54D}"
EndProject
Global
	GlobalSection(SolutionConfigurationPlatforms) = preSolution
		Debug|Any CPU = Debug|Any CPU
		Release|Any CPU = Release|Any CPU
	EndGlobalSection
	GlobalSection(ProjectConfigurationPlatforms) = postSolution
		{36BE8635-7E05-4E9B-BA76-30C45DC6831B}.Debug|Any CPU.ActiveCfg = Debug|Any CPU
		{36BE8635-7E05-4E9B-BA76-30C45DC6831B}.Debug|Any CPU.Build.0 = Debug|Any CPU
		{36BE8635-7E05-4E9B-BA76-30C45DC6831B}.Release|Any CPU.ActiveCfg = Release|Any CPU
		{36BE8635-7E05-4E9B-BA76-30C45DC6831B}.Release|Any CPU.Build.0 = Release|Any CPU
		{4BCE5C9A-C67B-4B5E-AEFC-73B300562871}.Debug|Any CPU.ActiveCfg = Debug|Any CPU
		{4BCE5C9A-C67B-4B5E-AEFC-73B300562871}.Debug|Any CPU.Build.0 = Debug|Any CPU
		{4BCE5C9A-C67B-4B5E-AEFC-73B300562871}.Release|Any CPU.ActiveCfg = Release|Any CPU
		{4BCE5C9A-C67B-4B5E-AEFC-73B300562871}.Release|Any CPU.Build.0 = Release|Any CPU
		{D211841B-1F06-4F35-A919-99B7F927DBFC}.Debug|Any CPU.ActiveCfg = Debug|Any CPU
		{D211841B-1F06-4F35-A919-99B7F927DBFC}.Debug|Any CPU.Build.0 = Debug|Any CPU
		{D211841B-1F06-4F35-A919-99B7F927DBFC}.Release|Any CPU.ActiveCfg = Release|Any CPU
		{D211841B-1F06-4F35-A919-99B7F927DBFC}.Release|Any CPU.Build.0 = Release|Any CPU
		{1957762C-4FE6-4131-9113-55C28AB129F3}.Debug|Any CPU.ActiveCfg = Debug|Any CPU
		{1957762C-4FE6-4131-9113-55C28AB129F3}.Debug|Any CPU.Build.0 = Debug|Any CPU
		{1957762C-4FE6-4131-9113-55C28AB129F3}.Release|Any CPU.ActiveCfg = Release|Any CPU
		{1957762C-4FE6-4131-9113-55C28AB129F3}.Release|Any CPU.Build.0 = Release|Any CPU
		{263A8436-FA01-44ED-ADCD-F339D65DE54D}.Debug|Any CPU.ActiveCfg = Debug|Any CPU
		{263A8436-FA01-44ED-ADCD-F339D65DE54D}.Debug|Any CPU.Build.0 = Debug|Any CPU
		{263A8436-FA01-44ED-ADCD-F339D65DE54D}.Release|Any CPU.ActiveCfg = Release|Any CPU
		{263A8436-FA01-44ED-ADCD-F339D65DE54D}.Release|Any CPU.Build.0 = Release|Any CPU
	EndGlobalSection
	GlobalSection(SolutionProperties) = preSolution
		HideSolutionNode = FALSE
	EndGlobalSection
	GlobalSection(ExtensibilityGlobals) = postSolution
		SolutionGuid = {6A05003F-DB8D-4C60-BB40-6A852C319530}
	EndGlobalSection
EndGlobal
